
Microsoft Visual Studio Solution File, Format Version 12.00
# Visual Studio Version 17
VisualStudioVersion = 17.3.32901.215
MinimumVisualStudioVersion = 10.0.40219.1
Project("{FAE04EC0-301F-11D3-BF4B-00C04F79EFBC}") = "QuanLyKhachSan", "QuanLyKhachSan\QuanLyKhachSan.csproj", "{C84D8A71-11B8-4D8D-8050-06A942C3490B}"
EndProject
Global
	GlobalSection(SolutionConfigurationPlatforms) = preSolution
		Debug|Any CPU = Debug|Any CPU
		Release|Any CPU = Release|Any CPU
	EndGlobalSection
	GlobalSection(ProjectConfigurationPlatforms) = postSolution
		{C84D8A71-11B8-4D8D-8050-06A942C3490B}.Debug|Any CPU.ActiveCfg = Debug|Any CPU
		{C84D8A71-11B8-4D8D-8050-06A942C3490B}.Debug|Any CPU.Build.0 = Debug|Any CPU
		{C84D8A71-11B8-4D8D-8050-06A942C3490B}.Release|Any CPU.ActiveCfg = Release|Any CPU
		{C84D8A71-11B8-4D8D-8050-06A942C3490B}.Release|Any CPU.Build.0 = Release|Any CPU
	EndGlobalSection
	GlobalSection(SolutionProperties) = preSolution
		HideSolutionNode = FALSE
	EndGlobalSection
	GlobalSection(ExtensibilityGlobals) = postSolution
		SolutionGuid = {9179CC3B-B453-452D-920C-CAD29154D4BF}
	EndGlobalSection
EndGlobal
